// !$*UTF8*$!
{
	archiveVersion = 1;
	classes = {
	};
	objectVersion = 51;
	objects = {

/* Begin PBXBuildFile section */
		2548EC0C23E61CCE00D4A743 /* PropertyRequest.swift in Sources */ = {isa = PBXBuildFile; fileRef = 2548EC0B23E61CCE00D4A743 /* PropertyRequest.swift */; };
		2548EC0E23E61CE400D4A743 /* PropertyResponse.swift in Sources */ = {isa = PBXBuildFile; fileRef = 2548EC0D23E61CE400D4A743 /* PropertyResponse.swift */; };
		2548EC1023E61F5300D4A743 /* HouseDetailAPIController.swift in Sources */ = {isa = PBXBuildFile; fileRef = 2548EC0F23E61F5300D4A743 /* HouseDetailAPIController.swift */; };
		62E1C087F57B047B1711ACF0 /* Pods_TaxAppeal.framework in Frameworks */ = {isa = PBXBuildFile; fileRef = DFD6E629A52F22AA37B2CA12 /* Pods_TaxAppeal.framework */; };
		89D1DA1F75E0AD15BE13E247 /* Pods_TaxAppealTests.framework in Frameworks */ = {isa = PBXBuildFile; fileRef = 38ED8ADA8B251E3E4A9E5B63 /* Pods_TaxAppealTests.framework */; };
		946FFC3623E54A4C002ACF86 /* TabBarController.swift in Sources */ = {isa = PBXBuildFile; fileRef = 946FFC3523E54A4C002ACF86 /* TabBarController.swift */; };
		946FFC3823E551DB002ACF86 /* ViewController1.swift in Sources */ = {isa = PBXBuildFile; fileRef = 946FFC3723E551DB002ACF86 /* ViewController1.swift */; };
		946FFC3A23E56B5D002ACF86 /* HouseView.swift in Sources */ = {isa = PBXBuildFile; fileRef = 946FFC3923E56B5D002ACF86 /* HouseView.swift */; };
		946FFC4723E57357002ACF86 /* SampleCard.swift in Sources */ = {isa = PBXBuildFile; fileRef = 946FFC4223E57357002ACF86 /* SampleCard.swift */; };
		946FFC4823E57357002ACF86 /* SampleCardContentView.swift in Sources */ = {isa = PBXBuildFile; fileRef = 946FFC4323E57357002ACF86 /* SampleCardContentView.swift */; };
		946FFC4923E57357002ACF86 /* SampleCardOverlay.swift in Sources */ = {isa = PBXBuildFile; fileRef = 946FFC4423E57357002ACF86 /* SampleCardOverlay.swift */; };
		946FFC4A23E57357002ACF86 /* SampleCardFooterView.swift in Sources */ = {isa = PBXBuildFile; fileRef = 946FFC4523E57357002ACF86 /* SampleCardFooterView.swift */; };
		946FFC4B23E57357002ACF86 /* HomeCardModel.swift in Sources */ = {isa = PBXBuildFile; fileRef = 946FFC4623E57357002ACF86 /* HomeCardModel.swift */; };
		946FFC4E23E5739B002ACF86 /* UIView+Extensions.swift in Sources */ = {isa = PBXBuildFile; fileRef = 946FFC4D23E5739B002ACF86 /* UIView+Extensions.swift */; };
		946FFC5023E61ED0002ACF86 /* MyHomeViewController.swift in Sources */ = {isa = PBXBuildFile; fileRef = 946FFC4F23E61ED0002ACF86 /* MyHomeViewController.swift */; };
		94A19E6423E548D7003E3B4C /* AppDelegate.swift in Sources */ = {isa = PBXBuildFile; fileRef = 94A19E6323E548D7003E3B4C /* AppDelegate.swift */; };
		94A19E6823E548D7003E3B4C /* ViewController.swift in Sources */ = {isa = PBXBuildFile; fileRef = 94A19E6723E548D7003E3B4C /* ViewController.swift */; };
		94A19E6B23E548D7003E3B4C /* Main.storyboard in Resources */ = {isa = PBXBuildFile; fileRef = 94A19E6923E548D7003E3B4C /* Main.storyboard */; };
		94A19E6D23E548D9003E3B4C /* Assets.xcassets in Resources */ = {isa = PBXBuildFile; fileRef = 94A19E6C23E548D9003E3B4C /* Assets.xcassets */; };
		94A19E7023E548D9003E3B4C /* LaunchScreen.storyboard in Resources */ = {isa = PBXBuildFile; fileRef = 94A19E6E23E548D9003E3B4C /* LaunchScreen.storyboard */; };
		94A19E7B23E548D9003E3B4C /* TaxAppealTests.swift in Sources */ = {isa = PBXBuildFile; fileRef = 94A19E7A23E548D9003E3B4C /* TaxAppealTests.swift */; };
		94A19E8623E548D9003E3B4C /* TaxAppealUITests.swift in Sources */ = {isa = PBXBuildFile; fileRef = 94A19E8523E548D9003E3B4C /* TaxAppealUITests.swift */; };
		B7DC21E6D37F555D334344D5 /* Pods_TaxAppeal_TaxAppealUITests.framework in Frameworks */ = {isa = PBXBuildFile; fileRef = 1D8B82DEA8525CF1BB413FBC /* Pods_TaxAppeal_TaxAppealUITests.framework */; };
/* End PBXBuildFile section */

/* Begin PBXContainerItemProxy section */
		94A19E7723E548D9003E3B4C /* PBXContainerItemProxy */ = {
			isa = PBXContainerItemProxy;
			containerPortal = 94A19E5823E548D7003E3B4C /* Project object */;
			proxyType = 1;
			remoteGlobalIDString = 94A19E5F23E548D7003E3B4C;
			remoteInfo = TaxAppeal;
		};
		94A19E8223E548D9003E3B4C /* PBXContainerItemProxy */ = {
			isa = PBXContainerItemProxy;
			containerPortal = 94A19E5823E548D7003E3B4C /* Project object */;
			proxyType = 1;
			remoteGlobalIDString = 94A19E5F23E548D7003E3B4C;
			remoteInfo = TaxAppeal;
		};
/* End PBXContainerItemProxy section */

/* Begin PBXFileReference section */
		1D8B82DEA8525CF1BB413FBC /* Pods_TaxAppeal_TaxAppealUITests.framework */ = {isa = PBXFileReference; explicitFileType = wrapper.framework; includeInIndex = 0; path = Pods_TaxAppeal_TaxAppealUITests.framework; sourceTree = BUILT_PRODUCTS_DIR; };
		2548EC0B23E61CCE00D4A743 /* PropertyRequest.swift */ = {isa = PBXFileReference; lastKnownFileType = sourcecode.swift; path = PropertyRequest.swift; sourceTree = "<group>"; };
		2548EC0D23E61CE400D4A743 /* PropertyResponse.swift */ = {isa = PBXFileReference; lastKnownFileType = sourcecode.swift; path = PropertyResponse.swift; sourceTree = "<group>"; };
		2548EC0F23E61F5300D4A743 /* HouseDetailAPIController.swift */ = {isa = PBXFileReference; lastKnownFileType = sourcecode.swift; path = HouseDetailAPIController.swift; sourceTree = "<group>"; };
		3887A1349829A189AA61E989 /* Pods-TaxAppealTests.debug.xcconfig */ = {isa = PBXFileReference; includeInIndex = 1; lastKnownFileType = text.xcconfig; name = "Pods-TaxAppealTests.debug.xcconfig"; path = "Target Support Files/Pods-TaxAppealTests/Pods-TaxAppealTests.debug.xcconfig"; sourceTree = "<group>"; };
		38ED8ADA8B251E3E4A9E5B63 /* Pods_TaxAppealTests.framework */ = {isa = PBXFileReference; explicitFileType = wrapper.framework; includeInIndex = 0; path = Pods_TaxAppealTests.framework; sourceTree = BUILT_PRODUCTS_DIR; };
		5008A8AA99C8D8C377D19E83 /* Pods-TaxAppeal-TaxAppealUITests.debug.xcconfig */ = {isa = PBXFileReference; includeInIndex = 1; lastKnownFileType = text.xcconfig; name = "Pods-TaxAppeal-TaxAppealUITests.debug.xcconfig"; path = "Target Support Files/Pods-TaxAppeal-TaxAppealUITests/Pods-TaxAppeal-TaxAppealUITests.debug.xcconfig"; sourceTree = "<group>"; };
		5F00C93211CE603D7EB9A933 /* Pods-TaxAppeal.release.xcconfig */ = {isa = PBXFileReference; includeInIndex = 1; lastKnownFileType = text.xcconfig; name = "Pods-TaxAppeal.release.xcconfig"; path = "Target Support Files/Pods-TaxAppeal/Pods-TaxAppeal.release.xcconfig"; sourceTree = "<group>"; };
		946FFC3523E54A4C002ACF86 /* TabBarController.swift */ = {isa = PBXFileReference; lastKnownFileType = sourcecode.swift; path = TabBarController.swift; sourceTree = "<group>"; };
		946FFC3723E551DB002ACF86 /* ViewController1.swift */ = {isa = PBXFileReference; fileEncoding = 4; lastKnownFileType = sourcecode.swift; path = ViewController1.swift; sourceTree = "<group>"; };
		946FFC3923E56B5D002ACF86 /* HouseView.swift */ = {isa = PBXFileReference; lastKnownFileType = sourcecode.swift; path = HouseView.swift; sourceTree = "<group>"; };
		946FFC4223E57357002ACF86 /* SampleCard.swift */ = {isa = PBXFileReference; fileEncoding = 4; lastKnownFileType = sourcecode.swift; path = SampleCard.swift; sourceTree = "<group>"; };
		946FFC4323E57357002ACF86 /* SampleCardContentView.swift */ = {isa = PBXFileReference; fileEncoding = 4; lastKnownFileType = sourcecode.swift; path = SampleCardContentView.swift; sourceTree = "<group>"; };
		946FFC4423E57357002ACF86 /* SampleCardOverlay.swift */ = {isa = PBXFileReference; fileEncoding = 4; lastKnownFileType = sourcecode.swift; path = SampleCardOverlay.swift; sourceTree = "<group>"; };
		946FFC4523E57357002ACF86 /* SampleCardFooterView.swift */ = {isa = PBXFileReference; fileEncoding = 4; lastKnownFileType = sourcecode.swift; path = SampleCardFooterView.swift; sourceTree = "<group>"; };
		946FFC4623E57357002ACF86 /* HomeCardModel.swift */ = {isa = PBXFileReference; fileEncoding = 4; lastKnownFileType = sourcecode.swift; path = HomeCardModel.swift; sourceTree = "<group>"; };
		946FFC4D23E5739B002ACF86 /* UIView+Extensions.swift */ = {isa = PBXFileReference; fileEncoding = 4; lastKnownFileType = sourcecode.swift; path = "UIView+Extensions.swift"; sourceTree = "<group>"; };
		946FFC4F23E61ED0002ACF86 /* MyHomeViewController.swift */ = {isa = PBXFileReference; lastKnownFileType = sourcecode.swift; path = MyHomeViewController.swift; sourceTree = "<group>"; };
		94A19E6023E548D7003E3B4C /* TaxAppeal.app */ = {isa = PBXFileReference; explicitFileType = wrapper.application; includeInIndex = 0; path = TaxAppeal.app; sourceTree = BUILT_PRODUCTS_DIR; };
		94A19E6323E548D7003E3B4C /* AppDelegate.swift */ = {isa = PBXFileReference; lastKnownFileType = sourcecode.swift; path = AppDelegate.swift; sourceTree = "<group>"; };
		94A19E6723E548D7003E3B4C /* ViewController.swift */ = {isa = PBXFileReference; lastKnownFileType = sourcecode.swift; path = ViewController.swift; sourceTree = "<group>"; };
		94A19E6A23E548D7003E3B4C /* Base */ = {isa = PBXFileReference; lastKnownFileType = file.storyboard; name = Base; path = Base.lproj/Main.storyboard; sourceTree = "<group>"; };
		94A19E6C23E548D9003E3B4C /* Assets.xcassets */ = {isa = PBXFileReference; lastKnownFileType = folder.assetcatalog; path = Assets.xcassets; sourceTree = "<group>"; };
		94A19E6F23E548D9003E3B4C /* Base */ = {isa = PBXFileReference; lastKnownFileType = file.storyboard; name = Base; path = Base.lproj/LaunchScreen.storyboard; sourceTree = "<group>"; };
		94A19E7123E548D9003E3B4C /* Info.plist */ = {isa = PBXFileReference; lastKnownFileType = text.plist.xml; path = Info.plist; sourceTree = "<group>"; };
		94A19E7623E548D9003E3B4C /* TaxAppealTests.xctest */ = {isa = PBXFileReference; explicitFileType = wrapper.cfbundle; includeInIndex = 0; path = TaxAppealTests.xctest; sourceTree = BUILT_PRODUCTS_DIR; };
		94A19E7A23E548D9003E3B4C /* TaxAppealTests.swift */ = {isa = PBXFileReference; lastKnownFileType = sourcecode.swift; path = TaxAppealTests.swift; sourceTree = "<group>"; };
		94A19E7C23E548D9003E3B4C /* Info.plist */ = {isa = PBXFileReference; lastKnownFileType = text.plist.xml; path = Info.plist; sourceTree = "<group>"; };
		94A19E8123E548D9003E3B4C /* TaxAppealUITests.xctest */ = {isa = PBXFileReference; explicitFileType = wrapper.cfbundle; includeInIndex = 0; path = TaxAppealUITests.xctest; sourceTree = BUILT_PRODUCTS_DIR; };
		94A19E8523E548D9003E3B4C /* TaxAppealUITests.swift */ = {isa = PBXFileReference; lastKnownFileType = sourcecode.swift; path = TaxAppealUITests.swift; sourceTree = "<group>"; };
		94A19E8723E548D9003E3B4C /* Info.plist */ = {isa = PBXFileReference; lastKnownFileType = text.plist.xml; path = Info.plist; sourceTree = "<group>"; };
		9C943AE6103EE51445810C80 /* Pods-TaxAppeal-TaxAppealUITests.release.xcconfig */ = {isa = PBXFileReference; includeInIndex = 1; lastKnownFileType = text.xcconfig; name = "Pods-TaxAppeal-TaxAppealUITests.release.xcconfig"; path = "Target Support Files/Pods-TaxAppeal-TaxAppealUITests/Pods-TaxAppeal-TaxAppealUITests.release.xcconfig"; sourceTree = "<group>"; };
		AB36CA69F43CE25CB0CEFBFF /* Pods-TaxAppeal.debug.xcconfig */ = {isa = PBXFileReference; includeInIndex = 1; lastKnownFileType = text.xcconfig; name = "Pods-TaxAppeal.debug.xcconfig"; path = "Target Support Files/Pods-TaxAppeal/Pods-TaxAppeal.debug.xcconfig"; sourceTree = "<group>"; };
		AE7D79C0ADF156BBAF94F205 /* Pods-TaxAppealTests.release.xcconfig */ = {isa = PBXFileReference; includeInIndex = 1; lastKnownFileType = text.xcconfig; name = "Pods-TaxAppealTests.release.xcconfig"; path = "Target Support Files/Pods-TaxAppealTests/Pods-TaxAppealTests.release.xcconfig"; sourceTree = "<group>"; };
		DFD6E629A52F22AA37B2CA12 /* Pods_TaxAppeal.framework */ = {isa = PBXFileReference; explicitFileType = wrapper.framework; includeInIndex = 0; path = Pods_TaxAppeal.framework; sourceTree = BUILT_PRODUCTS_DIR; };
/* End PBXFileReference section */

/* Begin PBXFrameworksBuildPhase section */
		94A19E5D23E548D7003E3B4C /* Frameworks */ = {
			isa = PBXFrameworksBuildPhase;
			buildActionMask = 2147483647;
			files = (
				62E1C087F57B047B1711ACF0 /* Pods_TaxAppeal.framework in Frameworks */,
			);
			runOnlyForDeploymentPostprocessing = 0;
		};
		94A19E7323E548D9003E3B4C /* Frameworks */ = {
			isa = PBXFrameworksBuildPhase;
			buildActionMask = 2147483647;
			files = (
				89D1DA1F75E0AD15BE13E247 /* Pods_TaxAppealTests.framework in Frameworks */,
			);
			runOnlyForDeploymentPostprocessing = 0;
		};
		94A19E7E23E548D9003E3B4C /* Frameworks */ = {
			isa = PBXFrameworksBuildPhase;
			buildActionMask = 2147483647;
			files = (
				B7DC21E6D37F555D334344D5 /* Pods_TaxAppeal_TaxAppealUITests.framework in Frameworks */,
			);
			runOnlyForDeploymentPostprocessing = 0;
		};
/* End PBXFrameworksBuildPhase section */

/* Begin PBXGroup section */
		946FFC4123E57357002ACF86 /* SampleCard */ = {
			isa = PBXGroup;
			children = (
				946FFC4223E57357002ACF86 /* SampleCard.swift */,
				946FFC4323E57357002ACF86 /* SampleCardContentView.swift */,
				946FFC4423E57357002ACF86 /* SampleCardOverlay.swift */,
				946FFC4523E57357002ACF86 /* SampleCardFooterView.swift */,
				946FFC4623E57357002ACF86 /* HomeCardModel.swift */,
			);
			path = SampleCard;
			sourceTree = "<group>";
		};
		946FFC4C23E5739B002ACF86 /* Extensions */ = {
			isa = PBXGroup;
			children = (
				946FFC4D23E5739B002ACF86 /* UIView+Extensions.swift */,
			);
			path = Extensions;
			sourceTree = "<group>";
		};
		94A19E5723E548D7003E3B4C = {
			isa = PBXGroup;
			children = (
				94A19E6223E548D7003E3B4C /* TaxAppeal */,
				94A19E7923E548D9003E3B4C /* TaxAppealTests */,
				94A19E8423E548D9003E3B4C /* TaxAppealUITests */,
				94A19E6123E548D7003E3B4C /* Products */,
				F273673BCE81B90931928A3E /* Pods */,
				DB843F50169DF0A79BEE8E32 /* Frameworks */,
			);
			sourceTree = "<group>";
		};
		94A19E6123E548D7003E3B4C /* Products */ = {
			isa = PBXGroup;
			children = (
				94A19E6023E548D7003E3B4C /* TaxAppeal.app */,
				94A19E7623E548D9003E3B4C /* TaxAppealTests.xctest */,
				94A19E8123E548D9003E3B4C /* TaxAppealUITests.xctest */,
			);
			name = Products;
			sourceTree = "<group>";
		};
		94A19E6223E548D7003E3B4C /* TaxAppeal */ = {
			isa = PBXGroup;
			children = (
				946FFC4C23E5739B002ACF86 /* Extensions */,
				946FFC4123E57357002ACF86 /* SampleCard */,
				94A19E6323E548D7003E3B4C /* AppDelegate.swift */,
				94A19E6723E548D7003E3B4C /* ViewController.swift */,
				946FFC3723E551DB002ACF86 /* ViewController1.swift */,
				946FFC3523E54A4C002ACF86 /* TabBarController.swift */,
				946FFC3923E56B5D002ACF86 /* HouseView.swift */,
				946FFC4F23E61ED0002ACF86 /* MyHomeViewController.swift */,
				94A19E6923E548D7003E3B4C /* Main.storyboard */,
				94A19E6C23E548D9003E3B4C /* Assets.xcassets */,
				94A19E6E23E548D9003E3B4C /* LaunchScreen.storyboard */,
				94A19E7123E548D9003E3B4C /* Info.plist */,
				2548EC0B23E61CCE00D4A743 /* PropertyRequest.swift */,
				2548EC0D23E61CE400D4A743 /* PropertyResponse.swift */,
				2548EC0F23E61F5300D4A743 /* HouseDetailAPIController.swift */,
			);
			path = TaxAppeal;
			sourceTree = "<group>";
		};
		94A19E7923E548D9003E3B4C /* TaxAppealTests */ = {
			isa = PBXGroup;
			children = (
				94A19E7A23E548D9003E3B4C /* TaxAppealTests.swift */,
				94A19E7C23E548D9003E3B4C /* Info.plist */,
			);
			path = TaxAppealTests;
			sourceTree = "<group>";
		};
		94A19E8423E548D9003E3B4C /* TaxAppealUITests */ = {
			isa = PBXGroup;
			children = (
				94A19E8523E548D9003E3B4C /* TaxAppealUITests.swift */,
				94A19E8723E548D9003E3B4C /* Info.plist */,
			);
			path = TaxAppealUITests;
			sourceTree = "<group>";
		};
		DB843F50169DF0A79BEE8E32 /* Frameworks */ = {
			isa = PBXGroup;
			children = (
				DFD6E629A52F22AA37B2CA12 /* Pods_TaxAppeal.framework */,
				1D8B82DEA8525CF1BB413FBC /* Pods_TaxAppeal_TaxAppealUITests.framework */,
				38ED8ADA8B251E3E4A9E5B63 /* Pods_TaxAppealTests.framework */,
			);
			name = Frameworks;
			sourceTree = "<group>";
		};
		F273673BCE81B90931928A3E /* Pods */ = {
			isa = PBXGroup;
			children = (
				AB36CA69F43CE25CB0CEFBFF /* Pods-TaxAppeal.debug.xcconfig */,
				5F00C93211CE603D7EB9A933 /* Pods-TaxAppeal.release.xcconfig */,
				5008A8AA99C8D8C377D19E83 /* Pods-TaxAppeal-TaxAppealUITests.debug.xcconfig */,
				9C943AE6103EE51445810C80 /* Pods-TaxAppeal-TaxAppealUITests.release.xcconfig */,
				3887A1349829A189AA61E989 /* Pods-TaxAppealTests.debug.xcconfig */,
				AE7D79C0ADF156BBAF94F205 /* Pods-TaxAppealTests.release.xcconfig */,
			);
			path = Pods;
			sourceTree = "<group>";
		};
/* End PBXGroup section */

/* Begin PBXNativeTarget section */
		94A19E5F23E548D7003E3B4C /* TaxAppeal */ = {
			isa = PBXNativeTarget;
			buildConfigurationList = 94A19E8A23E548D9003E3B4C /* Build configuration list for PBXNativeTarget "TaxAppeal" */;
			buildPhases = (
				E849291F2EAE31E55107C842 /* [CP] Check Pods Manifest.lock */,
				94A19E5C23E548D7003E3B4C /* Sources */,
				94A19E5D23E548D7003E3B4C /* Frameworks */,
				94A19E5E23E548D7003E3B4C /* Resources */,
				9C964B3BA0CD993A499DA792 /* [CP] Embed Pods Frameworks */,
			);
			buildRules = (
			);
			dependencies = (
			);
			name = TaxAppeal;
			productName = TaxAppeal;
			productReference = 94A19E6023E548D7003E3B4C /* TaxAppeal.app */;
			productType = "com.apple.product-type.application";
		};
		94A19E7523E548D9003E3B4C /* TaxAppealTests */ = {
			isa = PBXNativeTarget;
			buildConfigurationList = 94A19E8D23E548D9003E3B4C /* Build configuration list for PBXNativeTarget "TaxAppealTests" */;
			buildPhases = (
				D5D2F02803190F3E929C6972 /* [CP] Check Pods Manifest.lock */,
				94A19E7223E548D9003E3B4C /* Sources */,
				94A19E7323E548D9003E3B4C /* Frameworks */,
				94A19E7423E548D9003E3B4C /* Resources */,
			);
			buildRules = (
			);
			dependencies = (
				94A19E7823E548D9003E3B4C /* PBXTargetDependency */,
			);
			name = TaxAppealTests;
			productName = TaxAppealTests;
			productReference = 94A19E7623E548D9003E3B4C /* TaxAppealTests.xctest */;
			productType = "com.apple.product-type.bundle.unit-test";
		};
		94A19E8023E548D9003E3B4C /* TaxAppealUITests */ = {
			isa = PBXNativeTarget;
			buildConfigurationList = 94A19E9023E548D9003E3B4C /* Build configuration list for PBXNativeTarget "TaxAppealUITests" */;
			buildPhases = (
				510D98680BA75678487FFF02 /* [CP] Check Pods Manifest.lock */,
				94A19E7D23E548D9003E3B4C /* Sources */,
				94A19E7E23E548D9003E3B4C /* Frameworks */,
				94A19E7F23E548D9003E3B4C /* Resources */,
				5258D7786BC742576B122280 /* [CP] Embed Pods Frameworks */,
			);
			buildRules = (
			);
			dependencies = (
				94A19E8323E548D9003E3B4C /* PBXTargetDependency */,
			);
			name = TaxAppealUITests;
			productName = TaxAppealUITests;
			productReference = 94A19E8123E548D9003E3B4C /* TaxAppealUITests.xctest */;
			productType = "com.apple.product-type.bundle.ui-testing";
		};
/* End PBXNativeTarget section */

/* Begin PBXProject section */
		94A19E5823E548D7003E3B4C /* Project object */ = {
			isa = PBXProject;
			attributes = {
				LastSwiftUpdateCheck = 1130;
				LastUpgradeCheck = 1130;
				ORGANIZATIONNAME = BRS;
				TargetAttributes = {
					94A19E5F23E548D7003E3B4C = {
						CreatedOnToolsVersion = 11.3.1;
					};
					94A19E7523E548D9003E3B4C = {
						CreatedOnToolsVersion = 11.3.1;
						TestTargetID = 94A19E5F23E548D7003E3B4C;
					};
					94A19E8023E548D9003E3B4C = {
						CreatedOnToolsVersion = 11.3.1;
						TestTargetID = 94A19E5F23E548D7003E3B4C;
					};
				};
			};
			buildConfigurationList = 94A19E5B23E548D7003E3B4C /* Build configuration list for PBXProject "TaxAppeal" */;
			compatibilityVersion = "Xcode 9.3";
			developmentRegion = en;
			hasScannedForEncodings = 0;
			knownRegions = (
				en,
				Base,
			);
			mainGroup = 94A19E5723E548D7003E3B4C;
			productRefGroup = 94A19E6123E548D7003E3B4C /* Products */;
			projectDirPath = "";
			projectRoot = "";
			targets = (
				94A19E5F23E548D7003E3B4C /* TaxAppeal */,
				94A19E7523E548D9003E3B4C /* TaxAppealTests */,
				94A19E8023E548D9003E3B4C /* TaxAppealUITests */,
			);
		};
/* End PBXProject section */

/* Begin PBXResourcesBuildPhase section */
		94A19E5E23E548D7003E3B4C /* Resources */ = {
			isa = PBXResourcesBuildPhase;
			buildActionMask = 2147483647;
			files = (
				94A19E7023E548D9003E3B4C /* LaunchScreen.storyboard in Resources */,
				94A19E6D23E548D9003E3B4C /* Assets.xcassets in Resources */,
				94A19E6B23E548D7003E3B4C /* Main.storyboard in Resources */,
			);
			runOnlyForDeploymentPostprocessing = 0;
		};
		94A19E7423E548D9003E3B4C /* Resources */ = {
			isa = PBXResourcesBuildPhase;
			buildActionMask = 2147483647;
			files = (
			);
			runOnlyForDeploymentPostprocessing = 0;
		};
		94A19E7F23E548D9003E3B4C /* Resources */ = {
			isa = PBXResourcesBuildPhase;
			buildActionMask = 2147483647;
			files = (
			);
			runOnlyForDeploymentPostprocessing = 0;
		};
/* End PBXResourcesBuildPhase section */

/* Begin PBXShellScriptBuildPhase section */
		510D98680BA75678487FFF02 /* [CP] Check Pods Manifest.lock */ = {
			isa = PBXShellScriptBuildPhase;
			buildActionMask = 2147483647;
			files = (
			);
			inputFileListPaths = (
			);
			inputPaths = (
				"${PODS_PODFILE_DIR_PATH}/Podfile.lock",
				"${PODS_ROOT}/Manifest.lock",
			);
			name = "[CP] Check Pods Manifest.lock";
			outputFileListPaths = (
			);
			outputPaths = (
				"$(DERIVED_FILE_DIR)/Pods-TaxAppeal-TaxAppealUITests-checkManifestLockResult.txt",
			);
			runOnlyForDeploymentPostprocessing = 0;
			shellPath = /bin/sh;
			shellScript = "diff \"${PODS_PODFILE_DIR_PATH}/Podfile.lock\" \"${PODS_ROOT}/Manifest.lock\" > /dev/null\nif [ $? != 0 ] ; then\n    # print error to STDERR\n    echo \"error: The sandbox is not in sync with the Podfile.lock. Run 'pod install' or update your CocoaPods installation.\" >&2\n    exit 1\nfi\n# This output is used by Xcode 'outputs' to avoid re-running this script phase.\necho \"SUCCESS\" > \"${SCRIPT_OUTPUT_FILE_0}\"\n";
			showEnvVarsInLog = 0;
		};
		5258D7786BC742576B122280 /* [CP] Embed Pods Frameworks */ = {
			isa = PBXShellScriptBuildPhase;
			buildActionMask = 2147483647;
			files = (
			);
			inputFileListPaths = (
				"${PODS_ROOT}/Target Support Files/Pods-TaxAppeal-TaxAppealUITests/Pods-TaxAppeal-TaxAppealUITests-frameworks-${CONFIGURATION}-input-files.xcfilelist",
			);
			name = "[CP] Embed Pods Frameworks";
			outputFileListPaths = (
				"${PODS_ROOT}/Target Support Files/Pods-TaxAppeal-TaxAppealUITests/Pods-TaxAppeal-TaxAppealUITests-frameworks-${CONFIGURATION}-output-files.xcfilelist",
			);
			runOnlyForDeploymentPostprocessing = 0;
			shellPath = /bin/sh;
			shellScript = "\"${PODS_ROOT}/Target Support Files/Pods-TaxAppeal-TaxAppealUITests/Pods-TaxAppeal-TaxAppealUITests-frameworks.sh\"\n";
			showEnvVarsInLog = 0;
		};
		9C964B3BA0CD993A499DA792 /* [CP] Embed Pods Frameworks */ = {
			isa = PBXShellScriptBuildPhase;
			buildActionMask = 2147483647;
			files = (
			);
			inputFileListPaths = (
				"${PODS_ROOT}/Target Support Files/Pods-TaxAppeal/Pods-TaxAppeal-frameworks-${CONFIGURATION}-input-files.xcfilelist",
			);
			name = "[CP] Embed Pods Frameworks";
			outputFileListPaths = (
				"${PODS_ROOT}/Target Support Files/Pods-TaxAppeal/Pods-TaxAppeal-frameworks-${CONFIGURATION}-output-files.xcfilelist",
			);
			runOnlyForDeploymentPostprocessing = 0;
			shellPath = /bin/sh;
			shellScript = "\"${PODS_ROOT}/Target Support Files/Pods-TaxAppeal/Pods-TaxAppeal-frameworks.sh\"\n";
			showEnvVarsInLog = 0;
		};
		D5D2F02803190F3E929C6972 /* [CP] Check Pods Manifest.lock */ = {
			isa = PBXShellScriptBuildPhase;
			buildActionMask = 2147483647;
			files = (
			);
			inputFileListPaths = (
			);
			inputPaths = (
				"${PODS_PODFILE_DIR_PATH}/Podfile.lock",
				"${PODS_ROOT}/Manifest.lock",
			);
			name = "[CP] Check Pods Manifest.lock";
			outputFileListPaths = (
			);
			outputPaths = (
				"$(DERIVED_FILE_DIR)/Pods-TaxAppealTests-checkManifestLockResult.txt",
			);
			runOnlyForDeploymentPostprocessing = 0;
			shellPath = /bin/sh;
			shellScript = "diff \"${PODS_PODFILE_DIR_PATH}/Podfile.lock\" \"${PODS_ROOT}/Manifest.lock\" > /dev/null\nif [ $? != 0 ] ; then\n    # print error to STDERR\n    echo \"error: The sandbox is not in sync with the Podfile.lock. Run 'pod install' or update your CocoaPods installation.\" >&2\n    exit 1\nfi\n# This output is used by Xcode 'outputs' to avoid re-running this script phase.\necho \"SUCCESS\" > \"${SCRIPT_OUTPUT_FILE_0}\"\n";
			showEnvVarsInLog = 0;
		};
		E849291F2EAE31E55107C842 /* [CP] Check Pods Manifest.lock */ = {
			isa = PBXShellScriptBuildPhase;
			buildActionMask = 2147483647;
			files = (
			);
			inputFileListPaths = (
			);
			inputPaths = (
				"${PODS_PODFILE_DIR_PATH}/Podfile.lock",
				"${PODS_ROOT}/Manifest.lock",
			);
			name = "[CP] Check Pods Manifest.lock";
			outputFileListPaths = (
			);
			outputPaths = (
				"$(DERIVED_FILE_DIR)/Pods-TaxAppeal-checkManifestLockResult.txt",
			);
			runOnlyForDeploymentPostprocessing = 0;
			shellPath = /bin/sh;
			shellScript = "diff \"${PODS_PODFILE_DIR_PATH}/Podfile.lock\" \"${PODS_ROOT}/Manifest.lock\" > /dev/null\nif [ $? != 0 ] ; then\n    # print error to STDERR\n    echo \"error: The sandbox is not in sync with the Podfile.lock. Run 'pod install' or update your CocoaPods installation.\" >&2\n    exit 1\nfi\n# This output is used by Xcode 'outputs' to avoid re-running this script phase.\necho \"SUCCESS\" > \"${SCRIPT_OUTPUT_FILE_0}\"\n";
			showEnvVarsInLog = 0;
		};
/* End PBXShellScriptBuildPhase section */

/* Begin PBXSourcesBuildPhase section */
		94A19E5C23E548D7003E3B4C /* Sources */ = {
			isa = PBXSourcesBuildPhase;
			buildActionMask = 2147483647;
			files = (
				946FFC4923E57357002ACF86 /* SampleCardOverlay.swift in Sources */,
				946FFC4B23E57357002ACF86 /* HomeCardModel.swift in Sources */,
				946FFC3A23E56B5D002ACF86 /* HouseView.swift in Sources */,
				94A19E6823E548D7003E3B4C /* ViewController.swift in Sources */,
				946FFC3823E551DB002ACF86 /* ViewController1.swift in Sources */,
				946FFC4723E57357002ACF86 /* SampleCard.swift in Sources */,
				2548EC0C23E61CCE00D4A743 /* PropertyRequest.swift in Sources */,
				2548EC0E23E61CE400D4A743 /* PropertyResponse.swift in Sources */,
				946FFC3623E54A4C002ACF86 /* TabBarController.swift in Sources */,
				946FFC5023E61ED0002ACF86 /* MyHomeViewController.swift in Sources */,
				94A19E6423E548D7003E3B4C /* AppDelegate.swift in Sources */,
				946FFC4823E57357002ACF86 /* SampleCardContentView.swift in Sources */,
				946FFC4A23E57357002ACF86 /* SampleCardFooterView.swift in Sources */,
				2548EC1023E61F5300D4A743 /* HouseDetailAPIController.swift in Sources */,
				946FFC4E23E5739B002ACF86 /* UIView+Extensions.swift in Sources */,
			);
			runOnlyForDeploymentPostprocessing = 0;
		};
		94A19E7223E548D9003E3B4C /* Sources */ = {
			isa = PBXSourcesBuildPhase;
			buildActionMask = 2147483647;
			files = (
				94A19E7B23E548D9003E3B4C /* TaxAppealTests.swift in Sources */,
			);
			runOnlyForDeploymentPostprocessing = 0;
		};
		94A19E7D23E548D9003E3B4C /* Sources */ = {
			isa = PBXSourcesBuildPhase;
			buildActionMask = 2147483647;
			files = (
				94A19E8623E548D9003E3B4C /* TaxAppealUITests.swift in Sources */,
			);
			runOnlyForDeploymentPostprocessing = 0;
		};
/* End PBXSourcesBuildPhase section */

/* Begin PBXTargetDependency section */
		94A19E7823E548D9003E3B4C /* PBXTargetDependency */ = {
			isa = PBXTargetDependency;
			target = 94A19E5F23E548D7003E3B4C /* TaxAppeal */;
			targetProxy = 94A19E7723E548D9003E3B4C /* PBXContainerItemProxy */;
		};
		94A19E8323E548D9003E3B4C /* PBXTargetDependency */ = {
			isa = PBXTargetDependency;
			target = 94A19E5F23E548D7003E3B4C /* TaxAppeal */;
			targetProxy = 94A19E8223E548D9003E3B4C /* PBXContainerItemProxy */;
		};
/* End PBXTargetDependency section */

/* Begin PBXVariantGroup section */
		94A19E6923E548D7003E3B4C /* Main.storyboard */ = {
			isa = PBXVariantGroup;
			children = (
				94A19E6A23E548D7003E3B4C /* Base */,
			);
			name = Main.storyboard;
			sourceTree = "<group>";
		};
		94A19E6E23E548D9003E3B4C /* LaunchScreen.storyboard */ = {
			isa = PBXVariantGroup;
			children = (
				94A19E6F23E548D9003E3B4C /* Base */,
			);
			name = LaunchScreen.storyboard;
			sourceTree = "<group>";
		};
/* End PBXVariantGroup section */

/* Begin XCBuildConfiguration section */
		94A19E8823E548D9003E3B4C /* Debug */ = {
			isa = XCBuildConfiguration;
			buildSettings = {
				ALWAYS_SEARCH_USER_PATHS = NO;
				CLANG_ANALYZER_NONNULL = YES;
				CLANG_ANALYZER_NUMBER_OBJECT_CONVERSION = YES_AGGRESSIVE;
				CLANG_CXX_LANGUAGE_STANDARD = "gnu++14";
				CLANG_CXX_LIBRARY = "libc++";
				CLANG_ENABLE_MODULES = YES;
				CLANG_ENABLE_OBJC_ARC = YES;
				CLANG_ENABLE_OBJC_WEAK = YES;
				CLANG_WARN_BLOCK_CAPTURE_AUTORELEASING = YES;
				CLANG_WARN_BOOL_CONVERSION = YES;
				CLANG_WARN_COMMA = YES;
				CLANG_WARN_CONSTANT_CONVERSION = YES;
				CLANG_WARN_DEPRECATED_OBJC_IMPLEMENTATIONS = YES;
				CLANG_WARN_DIRECT_OBJC_ISA_USAGE = YES_ERROR;
				CLANG_WARN_DOCUMENTATION_COMMENTS = YES;
				CLANG_WARN_EMPTY_BODY = YES;
				CLANG_WARN_ENUM_CONVERSION = YES;
				CLANG_WARN_INFINITE_RECURSION = YES;
				CLANG_WARN_INT_CONVERSION = YES;
				CLANG_WARN_NON_LITERAL_NULL_CONVERSION = YES;
				CLANG_WARN_OBJC_IMPLICIT_RETAIN_SELF = YES;
				CLANG_WARN_OBJC_LITERAL_CONVERSION = YES;
				CLANG_WARN_OBJC_ROOT_CLASS = YES_ERROR;
				CLANG_WARN_RANGE_LOOP_ANALYSIS = YES;
				CLANG_WARN_STRICT_PROTOTYPES = YES;
				CLANG_WARN_SUSPICIOUS_MOVE = YES;
				CLANG_WARN_UNGUARDED_AVAILABILITY = YES_AGGRESSIVE;
				CLANG_WARN_UNREACHABLE_CODE = YES;
				CLANG_WARN__DUPLICATE_METHOD_MATCH = YES;
				COPY_PHASE_STRIP = NO;
				DEBUG_INFORMATION_FORMAT = dwarf;
				ENABLE_STRICT_OBJC_MSGSEND = YES;
				ENABLE_TESTABILITY = YES;
				GCC_C_LANGUAGE_STANDARD = gnu11;
				GCC_DYNAMIC_NO_PIC = NO;
				GCC_NO_COMMON_BLOCKS = YES;
				GCC_OPTIMIZATION_LEVEL = 0;
				GCC_PREPROCESSOR_DEFINITIONS = (
					"DEBUG=1",
					"$(inherited)",
				);
				GCC_WARN_64_TO_32_BIT_CONVERSION = YES;
				GCC_WARN_ABOUT_RETURN_TYPE = YES_ERROR;
				GCC_WARN_UNDECLARED_SELECTOR = YES;
				GCC_WARN_UNINITIALIZED_AUTOS = YES_AGGRESSIVE;
				GCC_WARN_UNUSED_FUNCTION = YES;
				GCC_WARN_UNUSED_VARIABLE = YES;
				IPHONEOS_DEPLOYMENT_TARGET = 13.2;
				MTL_ENABLE_DEBUG_INFO = INCLUDE_SOURCE;
				MTL_FAST_MATH = YES;
				ONLY_ACTIVE_ARCH = YES;
				SDKROOT = iphoneos;
				SWIFT_ACTIVE_COMPILATION_CONDITIONS = DEBUG;
				SWIFT_OPTIMIZATION_LEVEL = "-Onone";
			};
			name = Debug;
		};
		94A19E8923E548D9003E3B4C /* Release */ = {
			isa = XCBuildConfiguration;
			buildSettings = {
				ALWAYS_SEARCH_USER_PATHS = NO;
				CLANG_ANALYZER_NONNULL = YES;
				CLANG_ANALYZER_NUMBER_OBJECT_CONVERSION = YES_AGGRESSIVE;
				CLANG_CXX_LANGUAGE_STANDARD = "gnu++14";
				CLANG_CXX_LIBRARY = "libc++";
				CLANG_ENABLE_MODULES = YES;
				CLANG_ENABLE_OBJC_ARC = YES;
				CLANG_ENABLE_OBJC_WEAK = YES;
				CLANG_WARN_BLOCK_CAPTURE_AUTORELEASING = YES;
				CLANG_WARN_BOOL_CONVERSION = YES;
				CLANG_WARN_COMMA = YES;
				CLANG_WARN_CONSTANT_CONVERSION = YES;
				CLANG_WARN_DEPRECATED_OBJC_IMPLEMENTATIONS = YES;
				CLANG_WARN_DIRECT_OBJC_ISA_USAGE = YES_ERROR;
				CLANG_WARN_DOCUMENTATION_COMMENTS = YES;
				CLANG_WARN_EMPTY_BODY = YES;
				CLANG_WARN_ENUM_CONVERSION = YES;
				CLANG_WARN_INFINITE_RECURSION = YES;
				CLANG_WARN_INT_CONVERSION = YES;
				CLANG_WARN_NON_LITERAL_NULL_CONVERSION = YES;
				CLANG_WARN_OBJC_IMPLICIT_RETAIN_SELF = YES;
				CLANG_WARN_OBJC_LITERAL_CONVERSION = YES;
				CLANG_WARN_OBJC_ROOT_CLASS = YES_ERROR;
				CLANG_WARN_RANGE_LOOP_ANALYSIS = YES;
				CLANG_WARN_STRICT_PROTOTYPES = YES;
				CLANG_WARN_SUSPICIOUS_MOVE = YES;
				CLANG_WARN_UNGUARDED_AVAILABILITY = YES_AGGRESSIVE;
				CLANG_WARN_UNREACHABLE_CODE = YES;
				CLANG_WARN__DUPLICATE_METHOD_MATCH = YES;
				COPY_PHASE_STRIP = NO;
				DEBUG_INFORMATION_FORMAT = "dwarf-with-dsym";
				ENABLE_NS_ASSERTIONS = NO;
				ENABLE_STRICT_OBJC_MSGSEND = YES;
				GCC_C_LANGUAGE_STANDARD = gnu11;
				GCC_NO_COMMON_BLOCKS = YES;
				GCC_WARN_64_TO_32_BIT_CONVERSION = YES;
				GCC_WARN_ABOUT_RETURN_TYPE = YES_ERROR;
				GCC_WARN_UNDECLARED_SELECTOR = YES;
				GCC_WARN_UNINITIALIZED_AUTOS = YES_AGGRESSIVE;
				GCC_WARN_UNUSED_FUNCTION = YES;
				GCC_WARN_UNUSED_VARIABLE = YES;
				IPHONEOS_DEPLOYMENT_TARGET = 13.2;
				MTL_ENABLE_DEBUG_INFO = NO;
				MTL_FAST_MATH = YES;
				SDKROOT = iphoneos;
				SWIFT_COMPILATION_MODE = wholemodule;
				SWIFT_OPTIMIZATION_LEVEL = "-O";
				VALIDATE_PRODUCT = YES;
			};
			name = Release;
		};
		94A19E8B23E548D9003E3B4C /* Debug */ = {
			isa = XCBuildConfiguration;
			baseConfigurationReference = AB36CA69F43CE25CB0CEFBFF /* Pods-TaxAppeal.debug.xcconfig */;
			buildSettings = {
				ASSETCATALOG_COMPILER_APPICON_NAME = AppIcon;
				CODE_SIGN_STYLE = Automatic;
				DEVELOPMENT_TEAM = 5R47AT45D3;
				INFOPLIST_FILE = TaxAppeal/Info.plist;
				LD_RUNPATH_SEARCH_PATHS = (
					"$(inherited)",
					"@executable_path/Frameworks",
				);
				PRODUCT_BUNDLE_IDENTIFIER = com.brs.TaxAppeal;
				PRODUCT_NAME = "$(TARGET_NAME)";
				SWIFT_VERSION = 5.0;
				TARGETED_DEVICE_FAMILY = "1,2";
			};
			name = Debug;
		};
		94A19E8C23E548D9003E3B4C /* Release */ = {
			isa = XCBuildConfiguration;
			baseConfigurationReference = 5F00C93211CE603D7EB9A933 /* Pods-TaxAppeal.release.xcconfig */;
			buildSettings = {
				ASSETCATALOG_COMPILER_APPICON_NAME = AppIcon;
				CODE_SIGN_STYLE = Automatic;
				DEVELOPMENT_TEAM = 5R47AT45D3;
				INFOPLIST_FILE = TaxAppeal/Info.plist;
				LD_RUNPATH_SEARCH_PATHS = (
					"$(inherited)",
					"@executable_path/Frameworks",
				);
				PRODUCT_BUNDLE_IDENTIFIER = com.brs.TaxAppeal;
				PRODUCT_NAME = "$(TARGET_NAME)";
				SWIFT_VERSION = 5.0;
				TARGETED_DEVICE_FAMILY = "1,2";
			};
			name = Release;
		};
		94A19E8E23E548D9003E3B4C /* Debug */ = {
			isa = XCBuildConfiguration;
			baseConfigurationReference = 3887A1349829A189AA61E989 /* Pods-TaxAppealTests.debug.xcconfig */;
			buildSettings = {
				ALWAYS_EMBED_SWIFT_STANDARD_LIBRARIES = YES;
				BUNDLE_LOADER = "$(TEST_HOST)";
				CODE_SIGN_STYLE = Automatic;
				DEVELOPMENT_TEAM = 5R47AT45D3;
				INFOPLIST_FILE = TaxAppealTests/Info.plist;
				IPHONEOS_DEPLOYMENT_TARGET = 13.2;
				LD_RUNPATH_SEARCH_PATHS = (
					"$(inherited)",
					"@executable_path/Frameworks",
					"@loader_path/Frameworks",
				);
				PRODUCT_BUNDLE_IDENTIFIER = com.brs.TaxAppealTests;
				PRODUCT_NAME = "$(TARGET_NAME)";
				SWIFT_VERSION = 5.0;
				TARGETED_DEVICE_FAMILY = "1,2";
				TEST_HOST = "$(BUILT_PRODUCTS_DIR)/TaxAppeal.app/TaxAppeal";
			};
			name = Debug;
		};
		94A19E8F23E548D9003E3B4C /* Release */ = {
			isa = XCBuildConfiguration;
			baseConfigurationReference = AE7D79C0ADF156BBAF94F205 /* Pods-TaxAppealTests.release.xcconfig */;
			buildSettings = {
				ALWAYS_EMBED_SWIFT_STANDARD_LIBRARIES = YES;
				BUNDLE_LOADER = "$(TEST_HOST)";
				CODE_SIGN_STYLE = Automatic;
				DEVELOPMENT_TEAM = 5R47AT45D3;
				INFOPLIST_FILE = TaxAppealTests/Info.plist;
				IPHONEOS_DEPLOYMENT_TARGET = 13.2;
				LD_RUNPATH_SEARCH_PATHS = (
					"$(inherited)",
					"@executable_path/Frameworks",
					"@loader_path/Frameworks",
				);
				PRODUCT_BUNDLE_IDENTIFIER = com.brs.TaxAppealTests;
				PRODUCT_NAME = "$(TARGET_NAME)";
				SWIFT_VERSION = 5.0;
				TARGETED_DEVICE_FAMILY = "1,2";
				TEST_HOST = "$(BUILT_PRODUCTS_DIR)/TaxAppeal.app/TaxAppeal";
			};
			name = Release;
		};
		94A19E9123E548D9003E3B4C /* Debug */ = {
			isa = XCBuildConfiguration;
			baseConfigurationReference = 5008A8AA99C8D8C377D19E83 /* Pods-TaxAppeal-TaxAppealUITests.debug.xcconfig */;
			buildSettings = {
				ALWAYS_EMBED_SWIFT_STANDARD_LIBRARIES = YES;
				CODE_SIGN_STYLE = Automatic;
				DEVELOPMENT_TEAM = 5R47AT45D3;
				INFOPLIST_FILE = TaxAppealUITests/Info.plist;
				LD_RUNPATH_SEARCH_PATHS = (
					"$(inherited)",
					"@executable_path/Frameworks",
					"@loader_path/Frameworks",
				);
				PRODUCT_BUNDLE_IDENTIFIER = com.brs.TaxAppealUITests;
				PRODUCT_NAME = "$(TARGET_NAME)";
				SWIFT_VERSION = 5.0;
				TARGETED_DEVICE_FAMILY = "1,2";
				TEST_TARGET_NAME = TaxAppeal;
			};
			name = Debug;
		};
		94A19E9223E548D9003E3B4C /* Release */ = {
			isa = XCBuildConfiguration;
			baseConfigurationReference = 9C943AE6103EE51445810C80 /* Pods-TaxAppeal-TaxAppealUITests.release.xcconfig */;
			buildSettings = {
				ALWAYS_EMBED_SWIFT_STANDARD_LIBRARIES = YES;
				CODE_SIGN_STYLE = Automatic;
				DEVELOPMENT_TEAM = 5R47AT45D3;
				INFOPLIST_FILE = TaxAppealUITests/Info.plist;
				LD_RUNPATH_SEARCH_PATHS = (
					"$(inherited)",
					"@executable_path/Frameworks",
					"@loader_path/Frameworks",
				);
				PRODUCT_BUNDLE_IDENTIFIER = com.brs.TaxAppealUITests;
				PRODUCT_NAME = "$(TARGET_NAME)";
				SWIFT_VERSION = 5.0;
				TARGETED_DEVICE_FAMILY = "1,2";
				TEST_TARGET_NAME = TaxAppeal;
			};
			name = Release;
		};
/* End XCBuildConfiguration section */

/* Begin XCConfigurationList section */
		94A19E5B23E548D7003E3B4C /* Build configuration list for PBXProject "TaxAppeal" */ = {
			isa = XCConfigurationList;
			buildConfigurations = (
				94A19E8823E548D9003E3B4C /* Debug */,
				94A19E8923E548D9003E3B4C /* Release */,
			);
			defaultConfigurationIsVisible = 0;
			defaultConfigurationName = Release;
		};
		94A19E8A23E548D9003E3B4C /* Build configuration list for PBXNativeTarget "TaxAppeal" */ = {
			isa = XCConfigurationList;
			buildConfigurations = (
				94A19E8B23E548D9003E3B4C /* Debug */,
				94A19E8C23E548D9003E3B4C /* Release */,
			);
			defaultConfigurationIsVisible = 0;
			defaultConfigurationName = Release;
		};
		94A19E8D23E548D9003E3B4C /* Build configuration list for PBXNativeTarget "TaxAppealTests" */ = {
			isa = XCConfigurationList;
			buildConfigurations = (
				94A19E8E23E548D9003E3B4C /* Debug */,
				94A19E8F23E548D9003E3B4C /* Release */,
			);
			defaultConfigurationIsVisible = 0;
			defaultConfigurationName = Release;
		};
		94A19E9023E548D9003E3B4C /* Build configuration list for PBXNativeTarget "TaxAppealUITests" */ = {
			isa = XCConfigurationList;
			buildConfigurations = (
				94A19E9123E548D9003E3B4C /* Debug */,
				94A19E9223E548D9003E3B4C /* Release */,
			);
			defaultConfigurationIsVisible = 0;
			defaultConfigurationName = Release;
		};
/* End XCConfigurationList section */
	};
	rootObject = 94A19E5823E548D7003E3B4C /* Project object */;
}
